
Microsoft Visual Studio Solution File, Format Version 12.00
# Visual Studio Version 16
VisualStudioVersion = 16.0.28803.352
MinimumVisualStudioVersion = 10.0.40219.1
Project("{FAE04EC0-301F-11D3-BF4B-00C04F79EFBC}") = "MidiConverter", "MidiConverter\MidiConverter.csproj", "{C43B17EC-93A2-4E37-B67E-457A2C450374}"
EndProject
Global
	GlobalSection(SolutionConfigurationPlatforms) = preSolution
		Debug|Any CPU = Debug|Any CPU
		Release|Any CPU = Release|Any CPU
	EndGlobalSection
	GlobalSection(ProjectConfigurationPlatforms) = postSolution
		{C43B17EC-93A2-4E37-B67E-457A2C450374}.Debug|Any CPU.ActiveCfg = Debug|Any CPU
		{C43B17EC-93A2-4E37-B67E-457A2C450374}.Debug|Any CPU.Build.0 = Debug|Any CPU
		{C43B17EC-93A2-4E37-B67E-457A2C450374}.Release|Any CPU.ActiveCfg = Release|Any CPU
		{C43B17EC-93A2-4E37-B67E-457A2C450374}.Release|Any CPU.Build.0 = Release|Any CPU
	EndGlobalSection
	GlobalSection(SolutionProperties) = preSolution
		HideSolutionNode = FALSE
	EndGlobalSection
	GlobalSection(ExtensibilityGlobals) = postSolution
		SolutionGuid = {65201050-B31E-48D9-99AD-D17B204DE327}
	EndGlobalSection
EndGlobal
